
Microsoft Visual Studio Solution File, Format Version 12.00
# Visual Studio Version 16
VisualStudioVersion = 16.0.29409.12
MinimumVisualStudioVersion = 15.0.26124.0
Project("{2150E333-8FDC-42A3-9474-1A3956D46DE8}") = "Solution Items", "Solution Items", "{044690CA-FB6E-4314-A0DE-CD03625BAE36}"
	ProjectSection(SolutionItems) = preProject
		.gitignore = .gitignore
		global.json = global.json
	EndProjectSection
EndProject
Project("{FAE04EC0-301F-11D3-BF4B-00C04F79EFBC}") = "StreamDeck.DevOps.ConsoleApp", "StreamDeck.DevOps.ConsoleApp\StreamDeck.DevOps.ConsoleApp.csproj", "{ED6DF123-061C-4239-AB27-D81215B55F60}"
EndProject
Global
	GlobalSection(SolutionConfigurationPlatforms) = preSolution
		Debug|Any CPU = Debug|Any CPU
		Debug|x64 = Debug|x64
		Debug|x86 = Debug|x86
		Release|Any CPU = Release|Any CPU
		Release|x64 = Release|x64
		Release|x86 = Release|x86
	EndGlobalSection
	GlobalSection(SolutionProperties) = preSolution
		HideSolutionNode = FALSE
	EndGlobalSection
	GlobalSection(ExtensibilityGlobals) = postSolution
		SolutionGuid = {838CB827-9637-4F39-9A7E-FADDCC67572F}
	EndGlobalSection
	GlobalSection(ProjectConfigurationPlatforms) = postSolution
		{ED6DF123-061C-4239-AB27-D81215B55F60}.Debug|Any CPU.ActiveCfg = Debug|Any CPU
		{ED6DF123-061C-4239-AB27-D81215B55F60}.Debug|Any CPU.Build.0 = Debug|Any CPU
		{ED6DF123-061C-4239-AB27-D81215B55F60}.Debug|x64.ActiveCfg = Debug|Any CPU
		{ED6DF123-061C-4239-AB27-D81215B55F60}.Debug|x64.Build.0 = Debug|Any CPU
		{ED6DF123-061C-4239-AB27-D81215B55F60}.Debug|x86.ActiveCfg = Debug|Any CPU
		{ED6DF123-061C-4239-AB27-D81215B55F60}.Debug|x86.Build.0 = Debug|Any CPU
		{ED6DF123-061C-4239-AB27-D81215B55F60}.Release|Any CPU.ActiveCfg = Release|Any CPU
		{ED6DF123-061C-4239-AB27-D81215B55F60}.Release|Any CPU.Build.0 = Release|Any CPU
		{ED6DF123-061C-4239-AB27-D81215B55F60}.Release|x64.ActiveCfg = Release|Any CPU
		{ED6DF123-061C-4239-AB27-D81215B55F60}.Release|x64.Build.0 = Release|Any CPU
		{ED6DF123-061C-4239-AB27-D81215B55F60}.Release|x86.ActiveCfg = Release|Any CPU
		{ED6DF123-061C-4239-AB27-D81215B55F60}.Release|x86.Build.0 = Release|Any CPU
	EndGlobalSection
EndGlobal
